# THIS IS AN AUTOGENERATED FILE. DO NOT EDIT THIS FILE DIRECTLY.
# yarn lockfile v1


"@babel/runtime@^7.3.1", "@babel/runtime@^7.3.4":
  version "7.3.4"
  resolved "https://registry.yarnpkg.com/@babel/runtime/-/runtime-7.3.4.tgz#73d12ba819e365fcf7fd152aed56d6df97d21c83"
  integrity sha512-IvfvnMdSaLBateu0jfsYIpZTxAc2cKEXEMiezGGN75QcBcecDUKd3PgLAncT0oOgxKy8dd8hrJKj9MfzgfZd6g==
  dependencies:
    regenerator-runtime "^0.12.0"

aes-js@^3.1.2:
  version "3.1.2"
  resolved "https://registry.yarnpkg.com/aes-js/-/aes-js-3.1.2.tgz#db9aabde85d5caabbfc0d4f2a4446960f627146a"
  integrity sha512-e5pEa2kBnBOgR4Y/p20pskXI74UEz7de8ZGVo58asOtvSVG5YAbJeELPZxOmt+Bnz3rX753YKhfIn4X4l1PPRQ==

decode-uri-component@^0.2.0:
  version "0.2.0"
  resolved "https://registry.yarnpkg.com/decode-uri-component/-/decode-uri-component-0.2.0.tgz#eb3913333458775cb84cd1a1fae062106bb87545"
  integrity sha1-6zkTMzRYd1y4TNGh+uBiEGu4dUU=

js-sha256@^0.9.0:
  version "0.9.0"
  resolved "https://registry.yarnpkg.com/js-sha256/-/js-sha256-0.9.0.tgz#0b89ac166583e91ef9123644bd3c5334ce9d0966"
  integrity sha512-sga3MHh9sgQN2+pJ9VYZ+1LPwXOxuBJBA5nrR5/ofPfuiJBE2hnjsaN8se8JznOmGLN2p49Pe5U/ttafcs/apA==

preact@^8.4.2:
  version "8.4.2"
  resolved "https://registry.yarnpkg.com/preact/-/preact-8.4.2.tgz#1263b974a17d1ea80b66590e41ef786ced5d6a23"
  integrity sha512-TsINETWiisfB6RTk0wh3/mvxbGRvx+ljeBccZ4Z6MPFKgu/KFGyf2Bmw3Z/jlXhL5JlNKY6QAbA9PVyzIy9//A==

query-string@^6.2.0:
  version "6.2.0"
  resolved "https://registry.yarnpkg.com/query-string/-/query-string-6.2.0.tgz#468edeb542b7e0538f9f9b1aeb26f034f19c86e1"
  integrity sha512-5wupExkIt8RYL4h/FE+WTg3JHk62e6fFPWtAZA9J5IWK1PfTfKkMS93HBUHcFpeYi9KsY5pFbh+ldvEyaz5MyA==
  dependencies:
    decode-uri-component "^0.2.0"
    strict-uri-encode "^2.0.0"

regenerator-runtime@^0.12.0:
  version "0.12.1"
  resolved "https://registry.yarnpkg.com/regenerator-runtime/-/regenerator-runtime-0.12.1.tgz#fa1a71544764c036f8c49b13a08b2594c9f8a0de"
  integrity sha512-odxIc1/vDlo4iZcfXqRYFj0vpXFNoGdKMAUieAlFYO6m/nl5e9KR/beGf41z4a1FI+aQgtjhuaSlDxQ0hmkrHg==

strict-uri-encode@^2.0.0:
  version "2.0.0"
  resolved "https://registry.yarnpkg.com/strict-uri-encode/-/strict-uri-encode-2.0.0.tgz#b9c7330c7042862f6b142dc274bbcc5866ce3546"
  integrity sha1-ucczDHBChi9rFC3CdLvMWGbONUY=

typeconnect@^0.1.1:
  version "0.1.2"
  resolved "https://registry.yarnpkg.com/typeconnect/-/typeconnect-0.1.2.tgz#0a9949caac7a96e321ef8a2b0b91b9c871890810"
  integrity sha512-oABZ4Us6gmZN379vG3zKOL5b6IEK6Lh7aDmooa6MIPw5ze9o77Qx4nUUyHqZwDRHClGW9NG5dSdamrYBdp9SIw==
  dependencies:
    "@babel/runtime" "^7.3.1"

typeinject@^0.1.2:
  version "0.1.2"
  resolved "https://registry.yarnpkg.com/typeinject/-/typeinject-0.1.2.tgz#2d6e2e786f3e314208f2184b5d7fda07cfc52ae3"
  integrity sha512-Os2C2wzENGSzS8nI3QYg2eNiBttM7Lpxljwuy6lNtaYUvTNxwFV2SvnZoIQulXGRWGoy0CPA5R7D54YYZUUZ2g==
  dependencies:
    "@babel/runtime" "^7.3.1"
