# THIS IS AN AUTOGENERATED FILE. DO NOT EDIT THIS FILE DIRECTLY.
# yarn lockfile v1


"@babel/runtime@^7.3.1", "@babel/runtime@^7.3.4":
  version "7.3.4"
  resolved "https://registry.yarnpkg.com/@babel/runtime/-/runtime-7.3.4.tgz#73d12ba819e365fcf7fd152aed56d6df97d21c83"
  integrity sha512-IvfvnMdSaLBateu0jfsYIpZTxAc2cKEXEMiezGGN75QcBcecDUKd3PgLAncT0oOgxKy8dd8hrJKj9MfzgfZd6g==
  dependencies:
    regenerator-runtime "^0.12.0"

"@types/mocha@^5.2.6":
  version "5.2.6"
  resolved "https://registry.yarnpkg.com/@types/mocha/-/mocha-5.2.6.tgz#b8622d50557dd155e9f2f634b7d68fd38de5e94b"
  integrity sha512-1axi39YdtBI7z957vdqXI4Ac25e7YihYQtJa+Clnxg1zTJEaIRbndt71O3sP4GAMgiAm0pY26/b9BrY4MR/PMw==

"@types/orderedmap@*":
  version "1.0.0"
  resolved "https://registry.yarnpkg.com/@types/orderedmap/-/orderedmap-1.0.0.tgz#807455a192bba52cbbb4517044bc82bdbfa8c596"
  integrity sha512-dxKo80TqYx3YtBipHwA/SdFmMMyLCnP+5mkEqN0eMjcTBzHkiiX0ES118DsjDBjvD+zeSsSU9jULTZ+frog+Gw==

"@types/prosemirror-commands@^1.0.1":
  version "1.0.1"
  resolved "https://registry.yarnpkg.com/@types/prosemirror-commands/-/prosemirror-commands-1.0.1.tgz#e23f75629d90eef8c25132257b1ea1c5f978db9e"
  integrity sha512-GeE12m8VT9N1JrzoY//946IX8ZyQOLNmvryJ+BNQs/HvhmXW9EWOcWUE6OBRtxK7Y8SrzSOwx4XmqSgVmK3tGQ==
  dependencies:
    "@types/prosemirror-model" "*"
    "@types/prosemirror-state" "*"
    "@types/prosemirror-view" "*"

"@types/prosemirror-dropcursor@^1.0.0":
  version "1.0.0"
  resolved "https://registry.yarnpkg.com/@types/prosemirror-dropcursor/-/prosemirror-dropcursor-1.0.0.tgz#2df872bc6431a9f06bc1a4a0eac7c2dc527e7f12"
  integrity sha512-S2ndHt94M64avSqjBcgIblaF3YeC3RfcmpY9/WIdfqU7aoJxuOh4RJk5emdmQPHZT1wbczMHFmFSsRqgErK0EQ==
  dependencies:
    "@types/prosemirror-state" "*"

"@types/prosemirror-gapcursor@^1.0.1":
  version "1.0.1"
  resolved "https://registry.yarnpkg.com/@types/prosemirror-gapcursor/-/prosemirror-gapcursor-1.0.1.tgz#56a6274ef39f62c339adcc64305294b800211a5e"
  integrity sha512-ruA7FK9NJv+bn5s55SZYFf9SwaN3wk/MkBvqRmhIqIHvowTTa7nzIGWbUdWZMga1DDTk+GrwdcQaEHunAFjFsQ==
  dependencies:
    "@types/prosemirror-state" "*"

"@types/prosemirror-history@^1.0.1":
  version "1.0.1"
  resolved "https://registry.yarnpkg.com/@types/prosemirror-history/-/prosemirror-history-1.0.1.tgz#b8d7595f73788b63fc9f2b57a763ba8375abfe87"
  integrity sha512-BYyPJlWDo3VEnWS5X2DCHXrrAKEjdbCe1DUjGL6R/8hmwMFe3iMJGYdBkOXU1FfkTpw7Z+PlwY/pMyeelVydmg==
  dependencies:
    "@types/prosemirror-model" "*"
    "@types/prosemirror-state" "*"

"@types/prosemirror-inputrules@^1.0.2":
  version "1.0.2"
  resolved "https://registry.yarnpkg.com/@types/prosemirror-inputrules/-/prosemirror-inputrules-1.0.2.tgz#60b946ca2782f0f453b65105e2ebfd1730324caa"
  integrity sha512-bKFneQUPnkZmzCJ1uoitpKH6PFW0hc4q55NsC7mFUCvX0eZl0GRKxyfV47jkJbsbyUQoO/QFv0WwLDz2bo15sA==
  dependencies:
    "@types/prosemirror-model" "*"
    "@types/prosemirror-state" "*"

"@types/prosemirror-keymap@^1.0.1":
  version "1.0.1"
  resolved "https://registry.yarnpkg.com/@types/prosemirror-keymap/-/prosemirror-keymap-1.0.1.tgz#5051bcf819ff017db3d82d032c8ac1ffc270b895"
  integrity sha512-8IjM8ySmoZps9Tn+aKfB4ZR6zoNOjeQfAc9YLQujYXHJB6tdGWV0cbTuoT4QmZOR1iecN1EJ6E9RiRUBk796kQ==
  dependencies:
    "@types/prosemirror-state" "*"
    "@types/prosemirror-view" "*"

"@types/prosemirror-model@*", "@types/prosemirror-model@1.7.0", "@types/prosemirror-model@^1.7.0":
  version "1.7.0"
  resolved "https://registry.yarnpkg.com/@types/prosemirror-model/-/prosemirror-model-1.7.0.tgz#c9473abf509965af1717f21358c78b96743b1252"
  integrity sha512-kLD9uDGIER7Mg18OzPAYwlRgBGTKJ2og1v4Ojsi+I8qOGrxVK/XGFypg0AS8zyGHCzLRb9h5ZMhC+1Ltly0TcQ==
  dependencies:
    "@types/orderedmap" "*"

"@types/prosemirror-state@*", "@types/prosemirror-state@^1.2.3":
  version "1.2.3"
  resolved "https://registry.yarnpkg.com/@types/prosemirror-state/-/prosemirror-state-1.2.3.tgz#7f5f871acf7b8c22e1862ff0068f9bf7e9682c0e"
  integrity sha512-6m433Hubix9bx+JgcLW7zzyiZuzwjq5mBdSMYY4Yi5c5ZpV2RiVmg7Cy6f9Thtts8vuztilw+PczJAgDm1Frfw==
  dependencies:
    "@types/prosemirror-model" "*"
    "@types/prosemirror-transform" "*"
    "@types/prosemirror-view" "*"

"@types/prosemirror-transform@*", "@types/prosemirror-transform@1.1.0", "@types/prosemirror-transform@^1.1.0":
  version "1.1.0"
  resolved "https://registry.yarnpkg.com/@types/prosemirror-transform/-/prosemirror-transform-1.1.0.tgz#6e042cbf45fdbea0c9d62201a60ac55b8c0661cf"
  integrity sha512-VsPiEj+88Xvw8f0vXHL65z2qHlnrvnybW9GC7w9I9PORcKheDi7hQBgP8JdDwUPG7ttyUYUaSAec0TV6DsdWKg==
  dependencies:
    "@types/prosemirror-model" "*"

"@types/prosemirror-view@*", "@types/prosemirror-view@^1.3.1":
  version "1.3.1"
  resolved "https://registry.yarnpkg.com/@types/prosemirror-view/-/prosemirror-view-1.3.1.tgz#662eb39b060ba9e7a13b301353f28239e39ba268"
  integrity sha512-JAF7JbnvXJSP3LSQF55nTgMsjWIvIk4tGNfc6RcG4IDluN0txnOC3mhMnDTyKayVLpTl2r4yFi4nWuFE7RpvaA==
  dependencies:
    "@types/prosemirror-model" "*"
    "@types/prosemirror-state" "*"
    "@types/prosemirror-transform" "*"

aes-js@^3.1.2:
  version "3.1.2"
  resolved "https://registry.yarnpkg.com/aes-js/-/aes-js-3.1.2.tgz#db9aabde85d5caabbfc0d4f2a4446960f627146a"
  integrity sha512-e5pEa2kBnBOgR4Y/p20pskXI74UEz7de8ZGVo58asOtvSVG5YAbJeELPZxOmt+Bnz3rX753YKhfIn4X4l1PPRQ==

decode-uri-component@^0.2.0:
  version "0.2.0"
  resolved "https://registry.yarnpkg.com/decode-uri-component/-/decode-uri-component-0.2.0.tgz#eb3913333458775cb84cd1a1fae062106bb87545"
  integrity sha1-6zkTMzRYd1y4TNGh+uBiEGu4dUU=

js-sha256@^0.9.0:
  version "0.9.0"
  resolved "https://registry.yarnpkg.com/js-sha256/-/js-sha256-0.9.0.tgz#0b89ac166583e91ef9123644bd3c5334ce9d0966"
  integrity sha512-sga3MHh9sgQN2+pJ9VYZ+1LPwXOxuBJBA5nrR5/ofPfuiJBE2hnjsaN8se8JznOmGLN2p49Pe5U/ttafcs/apA==

orderedmap@^1.0.0:
  version "1.0.0"
  resolved "https://registry.yarnpkg.com/orderedmap/-/orderedmap-1.0.0.tgz#d90fc2ba1ed085190907d601dec6e6a53f8d41ba"
  integrity sha1-2Q/Cuh7QhRkJB9YB3sbmpT+NQbo=

preact@^8.4.2:
  version "8.4.2"
  resolved "https://registry.yarnpkg.com/preact/-/preact-8.4.2.tgz#1263b974a17d1ea80b66590e41ef786ced5d6a23"
  integrity sha512-TsINETWiisfB6RTk0wh3/mvxbGRvx+ljeBccZ4Z6MPFKgu/KFGyf2Bmw3Z/jlXhL5JlNKY6QAbA9PVyzIy9//A==

prosemirror-commands@^1.0.7:
  version "1.0.7"
  resolved "https://registry.yarnpkg.com/prosemirror-commands/-/prosemirror-commands-1.0.7.tgz#e5a2ba821e29ea7065c88277fe2c3d7f6b0b9d37"
  integrity sha512-IR8yMSdw7XlKuF68tydAak1J9P/lLD5ohsrL7pzoLsJAJAQU7mVPDXtGbQrrm0mesddFjcc1zNo/cJQN3lRYnA==
  dependencies:
    prosemirror-model "^1.0.0"
    prosemirror-state "^1.0.0"
    prosemirror-transform "^1.0.0"

prosemirror-dropcursor@^1.1.1:
  version "1.1.1"
  resolved "https://registry.yarnpkg.com/prosemirror-dropcursor/-/prosemirror-dropcursor-1.1.1.tgz#c60ed1ed6c58804a06a75db06a0d993b087b7622"
  integrity sha512-GeUyMO/tOEf8MXrP7Xb7UIMrfK86OGh0fnyBrHfhav4VjY9cw65mNoqHy87CklE5711AhCP5Qzfp8RL/hVKusg==
  dependencies:
    prosemirror-state "^1.0.0"
    prosemirror-transform "^1.1.0"
    prosemirror-view "^1.1.0"

prosemirror-gapcursor@^1.0.3:
  version "1.0.3"
  resolved "https://registry.yarnpkg.com/prosemirror-gapcursor/-/prosemirror-gapcursor-1.0.3.tgz#acc6537fc5a35e9b38966f91a199a382dfc715c4"
  integrity sha512-X+hJhr42PcHWiSWL+lI5f/UeOhXCxlBFb8M6O8aG1hssmaRrW7sS2/Fjg5jFV+pTdS1REFkmm1occh01FMdDIQ==
  dependencies:
    prosemirror-keymap "^1.0.0"
    prosemirror-model "^1.0.0"
    prosemirror-state "^1.0.0"
    prosemirror-view "^1.0.0"

prosemirror-history@^1.0.4:
  version "1.0.4"
  resolved "https://registry.yarnpkg.com/prosemirror-history/-/prosemirror-history-1.0.4.tgz#313a15489a78795321f3a37d53d8c68610c5adb6"
  integrity sha512-Kk2UisC9EzYcsNv+ILiQJWpsu0rbT6+oAAkvseFUHnudtfkmYAJu1+Xp3F0xTTCVmQdSqSLVk8qydllXUUOU4Q==
  dependencies:
    prosemirror-state "^1.2.2"
    prosemirror-transform "^1.0.0"
    rope-sequence "^1.2.0"

prosemirror-inputrules@^1.0.1:
  version "1.0.1"
  resolved "https://registry.yarnpkg.com/prosemirror-inputrules/-/prosemirror-inputrules-1.0.1.tgz#f63305fd966379f218e82ca76a2a9b328b66dc7b"
  integrity sha512-UHy22NmwxS5WIMQYkzraDttQAF8mpP82FfbJsmKFfx6jwkR/SZa+ZhbkLY0zKQ5fBdJN7euj36JG/B5iAlrpxA==
  dependencies:
    prosemirror-state "^1.0.0"
    prosemirror-transform "^1.0.0"

prosemirror-keymap@^1.0.0, prosemirror-keymap@^1.0.1:
  version "1.0.1"
  resolved "https://registry.yarnpkg.com/prosemirror-keymap/-/prosemirror-keymap-1.0.1.tgz#03ef32b828e3a859dfb570eb84928bf2e5330bc2"
  integrity sha512-e79ApE7PXXZMFtPz7WbjycjAFd1NPjgY1MkecVz98tqwlBSggXWXYQnWFk6x7UkmnBYRHHbXHkR/RXmu2wyBJg==
  dependencies:
    prosemirror-state "^1.0.0"
    w3c-keyname "^1.1.8"

prosemirror-model@1.7.0, prosemirror-model@^1.0.0, prosemirror-model@^1.1.0, prosemirror-model@^1.7.0:
  version "1.7.0"
  resolved "https://registry.yarnpkg.com/prosemirror-model/-/prosemirror-model-1.7.0.tgz#1fde0fd7cb2f9ead0be1581ad9f04593002a65aa"
  integrity sha512-/6ul6guiqyAl5I+0qbnL7SlmuX0DEfYqjvzeLUVEnb7nwF/vmKZuWqbjEG2tqi/9SSudvd3UxQTBDHvxy9hQwA==
  dependencies:
    orderedmap "^1.0.0"

prosemirror-state@^1.0.0, prosemirror-state@^1.2.2:
  version "1.2.2"
  resolved "https://registry.yarnpkg.com/prosemirror-state/-/prosemirror-state-1.2.2.tgz#8df26d95fd6fd327c0f9984a760e84d863204154"
  integrity sha512-j8aC/kf9BJSCQau485I/9pj39XQoce+TqH5xzekT7WWFARTsRYFLJtiXBcCKakv1VSeev+sC3bJP0pLfz7Ft8g==
  dependencies:
    prosemirror-model "^1.0.0"
    prosemirror-transform "^1.0.0"

prosemirror-transform@1.1.3, prosemirror-transform@^1.0.0, prosemirror-transform@^1.1.0, prosemirror-transform@^1.1.3:
  version "1.1.3"
  resolved "https://registry.yarnpkg.com/prosemirror-transform/-/prosemirror-transform-1.1.3.tgz#28cfdf1f9ee514edc40466be7b7db39eed545fdf"
  integrity sha512-1O6Di5lOL1mp4nuCnQNkHY7l2roIW5y8RH4ZG3hMYmkmDEWzTaFFnxxAAHsE5ipGLBSRcTlP7SsDhYBIdSuLpQ==
  dependencies:
    prosemirror-model "^1.0.0"

prosemirror-view@^1.0.0, prosemirror-view@^1.1.0, prosemirror-view@^1.8.4:
  version "1.8.4"
  resolved "https://registry.yarnpkg.com/prosemirror-view/-/prosemirror-view-1.8.4.tgz#6931c0610dba427eb7bb0c4686915affb66b5ea8"
  integrity sha512-d0aUs9TYFvRb1jmnZ4+zXtm4hegtSlZ1xgzRDfzFGRjKtgvb7j7qcHAHKRhfuWrgwf8eGjlO2zo5ksmV/t0bQw==
  dependencies:
    prosemirror-model "^1.1.0"
    prosemirror-state "^1.0.0"
    prosemirror-transform "^1.1.0"

query-string@^6.2.0:
  version "6.3.0"
  resolved "https://registry.yarnpkg.com/query-string/-/query-string-6.3.0.tgz#41ae8a61e1213c80b182d5db6cf129e05af89fc5"
  integrity sha512-jkpCkoHiAA2BYZvni5GieU3x860QDfkh2+M6bPnrYUywqOWbGwPq5VzntTS06ixX4GVHEiq2ZhlmGy/e9LQ3zA==
  dependencies:
    decode-uri-component "^0.2.0"
    strict-uri-encode "^2.0.0"

regenerator-runtime@^0.12.0:
  version "0.12.1"
  resolved "https://registry.yarnpkg.com/regenerator-runtime/-/regenerator-runtime-0.12.1.tgz#fa1a71544764c036f8c49b13a08b2594c9f8a0de"
  integrity sha512-odxIc1/vDlo4iZcfXqRYFj0vpXFNoGdKMAUieAlFYO6m/nl5e9KR/beGf41z4a1FI+aQgtjhuaSlDxQ0hmkrHg==

rope-sequence@^1.2.0:
  version "1.2.2"
  resolved "https://registry.yarnpkg.com/rope-sequence/-/rope-sequence-1.2.2.tgz#49c4e5c2f54a48e990b050926771e2871bcb31ce"
  integrity sha1-ScTlwvVKSOmQsFCSZ3HihxvLMc4=

strict-uri-encode@^2.0.0:
  version "2.0.0"
  resolved "https://registry.yarnpkg.com/strict-uri-encode/-/strict-uri-encode-2.0.0.tgz#b9c7330c7042862f6b142dc274bbcc5866ce3546"
  integrity sha1-ucczDHBChi9rFC3CdLvMWGbONUY=

typeconnect@^0.1.1:
  version "0.1.2"
  resolved "https://registry.yarnpkg.com/typeconnect/-/typeconnect-0.1.2.tgz#0a9949caac7a96e321ef8a2b0b91b9c871890810"
  integrity sha512-oABZ4Us6gmZN379vG3zKOL5b6IEK6Lh7aDmooa6MIPw5ze9o77Qx4nUUyHqZwDRHClGW9NG5dSdamrYBdp9SIw==
  dependencies:
    "@babel/runtime" "^7.3.1"

typeinject@^0.1.2:
  version "0.1.2"
  resolved "https://registry.yarnpkg.com/typeinject/-/typeinject-0.1.2.tgz#2d6e2e786f3e314208f2184b5d7fda07cfc52ae3"
  integrity sha512-Os2C2wzENGSzS8nI3QYg2eNiBttM7Lpxljwuy6lNtaYUvTNxwFV2SvnZoIQulXGRWGoy0CPA5R7D54YYZUUZ2g==
  dependencies:
    "@babel/runtime" "^7.3.1"

w3c-keyname@^1.1.8:
  version "1.1.8"
  resolved "https://registry.yarnpkg.com/w3c-keyname/-/w3c-keyname-1.1.8.tgz#4e2219663760fd6535b7a1550f1552d71fc9372c"
  integrity sha512-2HAdug8GTiu3b4NYhssdtY8PXRue3ICnh1IlxvZYl+hiINRq0GfNWei3XOPDg8L0PsxbmYjWVLuLj6BMRR/9vA==
